// !$*UTF8*$!
{
	archiveVersion = 1;
	classes = {
	};
	objectVersion = 46;
	objects = {

/* Begin PBXBuildFile section */
		1AB7A5D61B0115FF0063C292 /* AppDelegate.swift in Sources */ = {isa = PBXBuildFile; fileRef = 1AB7A5D51B0115FF0063C292 /* AppDelegate.swift */; };
		1AB7A5D81B0115FF0063C292 /* ViewController.swift in Sources */ = {isa = PBXBuildFile; fileRef = 1AB7A5D71B0115FF0063C292 /* ViewController.swift */; };
		1AB7A5DB1B0115FF0063C292 /* Main.storyboard in Resources */ = {isa = PBXBuildFile; fileRef = 1AB7A5D91B0115FF0063C292 /* Main.storyboard */; };
		1AB7A5DD1B0115FF0063C292 /* Images.xcassets in Resources */ = {isa = PBXBuildFile; fileRef = 1AB7A5DC1B0115FF0063C292 /* Images.xcassets */; };
		1AB7A5E01B0115FF0063C292 /* LaunchScreen.xib in Resources */ = {isa = PBXBuildFile; fileRef = 1AB7A5DE1B0115FF0063C292 /* LaunchScreen.xib */; };
		1AB7A5EC1B0116000063C292 /* IsItPrimeTests.swift in Sources */ = {isa = PBXBuildFile; fileRef = 1AB7A5EB1B0116000063C292 /* IsItPrimeTests.swift */; };
/* End PBXBuildFile section */

/* Begin PBXContainerItemProxy section */
		1AB7A5E61B0116000063C292 /* PBXContainerItemProxy */ = {
			isa = PBXContainerItemProxy;
			containerPortal = 1AB7A5C81B0115FF0063C292 /* Project object */;
			proxyType = 1;
			remoteGlobalIDString = 1AB7A5CF1B0115FF0063C292;
			remoteInfo = IsItPrime;
		};
/* End PBXContainerItemProxy section */

/* Begin PBXFileReference section */
		1AB7A5D01B0115FF0063C292 /* IsItPrime.app */ = {isa = PBXFileReference; explicitFileType = wrapper.application; includeInIndex = 0; path = IsItPrime.app; sourceTree = BUILT_PRODUCTS_DIR; };
		1AB7A5D41B0115FF0063C292 /* Info.plist */ = {isa = PBXFileReference; lastKnownFileType = text.plist.xml; path = Info.plist; sourceTree = "<group>"; };
		1AB7A5D51B0115FF0063C292 /* AppDelegate.swift */ = {isa = PBXFileReference; lastKnownFileType = sourcecode.swift; path = AppDelegate.swift; sourceTree = "<group>"; };
		1AB7A5D71B0115FF0063C292 /* ViewController.swift */ = {isa = PBXFileReference; lastKnownFileType = sourcecode.swift; path = ViewController.swift; sourceTree = "<group>"; };
		1AB7A5DA1B0115FF0063C292 /* Base */ = {isa = PBXFileReference; lastKnownFileType = file.storyboard; name = Base; path = Base.lproj/Main.storyboard; sourceTree = "<group>"; };
		1AB7A5DC1B0115FF0063C292 /* Images.xcassets */ = {isa = PBXFileReference; lastKnownFileType = folder.assetcatalog; path = Images.xcassets; sourceTree = "<group>"; };
		1AB7A5DF1B0115FF0063C292 /* Base */ = {isa = PBXFileReference; lastKnownFileType = file.xib; name = Base; path = Base.lproj/LaunchScreen.xib; sourceTree = "<group>"; };
		1AB7A5E51B0116000063C292 /* IsItPrimeTests.xctest */ = {isa = PBXFileReference; explicitFileType = wrapper.cfbundle; includeInIndex = 0; path = IsItPrimeTests.xctest; sourceTree = BUILT_PRODUCTS_DIR; };
		1AB7A5EA1B0116000063C292 /* Info.plist */ = {isa = PBXFileReference; lastKnownFileType = text.plist.xml; path = Info.plist; sourceTree = "<group>"; };
		1AB7A5EB1B0116000063C292 /* IsItPrimeTests.swift */ = {isa = PBXFileReference; lastKnownFileType = sourcecode.swift; path = IsItPrimeTests.swift; sourceTree = "<group>"; };
		1AB7A5F51B0116B30063C292 /* MyPlayground.playground */ = {isa = PBXFileReference; lastKnownFileType = file.playground; path = MyPlayground.playground; sourceTree = "<group>"; };
/* End PBXFileReference section */

/* Begin PBXFrameworksBuildPhase section */
		1AB7A5CD1B0115FF0063C292 /* Frameworks */ = {
			isa = PBXFrameworksBuildPhase;
			buildActionMask = 2147483647;
			files = (
			);
			runOnlyForDeploymentPostprocessing = 0;
		};
		1AB7A5E21B0116000063C292 /* Frameworks */ = {
			isa = PBXFrameworksBuildPhase;
			buildActionMask = 2147483647;
			files = (
			);
			runOnlyForDeploymentPostprocessing = 0;
		};
/* End PBXFrameworksBuildPhase section */

/* Begin PBXGroup section */
		1AB7A5C71B0115FF0063C292 = {
			isa = PBXGroup;
			children = (
				1AB7A5D21B0115FF0063C292 /* IsItPrime */,
				1AB7A5E81B0116000063C292 /* IsItPrimeTests */,
				1AB7A5D11B0115FF0063C292 /* Products */,
			);
			sourceTree = "<group>";
		};
		1AB7A5D11B0115FF0063C292 /* Products */ = {
			isa = PBXGroup;
			children = (
				1AB7A5D01B0115FF0063C292 /* IsItPrime.app */,
				1AB7A5E51B0116000063C292 /* IsItPrimeTests.xctest */,
			);
			name = Products;
			sourceTree = "<group>";
		};
		1AB7A5D21B0115FF0063C292 /* IsItPrime */ = {
			isa = PBXGroup;
			children = (
				1AB7A5F51B0116B30063C292 /* MyPlayground.playground */,
				1AB7A5D51B0115FF0063C292 /* AppDelegate.swift */,
				1AB7A5D71B0115FF0063C292 /* ViewController.swift */,
				1AB7A5D91B0115FF0063C292 /* Main.storyboard */,
				1AB7A5DC1B0115FF0063C292 /* Images.xcassets */,
				1AB7A5DE1B0115FF0063C292 /* LaunchScreen.xib */,
				1AB7A5D31B0115FF0063C292 /* Supporting Files */,
			);
			path = IsItPrime;
			sourceTree = "<group>";
		};
		1AB7A5D31B0115FF0063C292 /* Supporting Files */ = {
			isa = PBXGroup;
			children = (
				1AB7A5D41B0115FF0063C292 /* Info.plist */,
			);
			name = "Supporting Files";
			sourceTree = "<group>";
		};
		1AB7A5E81B0116000063C292 /* IsItPrimeTests */ = {
			isa = PBXGroup;
			children = (
				1AB7A5EB1B0116000063C292 /* IsItPrimeTests.swift */,
				1AB7A5E91B0116000063C292 /* Supporting Files */,
			);
			path = IsItPrimeTests;
			sourceTree = "<group>";
		};
		1AB7A5E91B0116000063C292 /* Supporting Files */ = {
			isa = PBXGroup;
			children = (
				1AB7A5EA1B0116000063C292 /* Info.plist */,
			);
			name = "Supporting Files";
			sourceTree = "<group>";
		};
/* End PBXGroup section */

/* Begin PBXNativeTarget section */
		1AB7A5CF1B0115FF0063C292 /* IsItPrime */ = {
			isa = PBXNativeTarget;
			buildConfigurationList = 1AB7A5EF1B0116000063C292 /* Build configuration list for PBXNativeTarget "IsItPrime" */;
			buildPhases = (
				1AB7A5CC1B0115FF0063C292 /* Sources */,
				1AB7A5CD1B0115FF0063C292 /* Frameworks */,
				1AB7A5CE1B0115FF0063C292 /* Resources */,
			);
			buildRules = (
			);
			dependencies = (
			);
			name = IsItPrime;
			productName = IsItPrime;
			productReference = 1AB7A5D01B0115FF0063C292 /* IsItPrime.app */;
			productType = "com.apple.product-type.application";
		};
		1AB7A5E41B0116000063C292 /* IsItPrimeTests */ = {
			isa = PBXNativeTarget;
			buildConfigurationList = 1AB7A5F21B0116000063C292 /* Build configuration list for PBXNativeTarget "IsItPrimeTests" */;
			buildPhases = (
				1AB7A5E11B0116000063C292 /* Sources */,
				1AB7A5E21B0116000063C292 /* Frameworks */,
				1AB7A5E31B0116000063C292 /* Resources */,
			);
			buildRules = (
			);
			dependencies = (
				1AB7A5E71B0116000063C292 /* PBXTargetDependency */,
			);
			name = IsItPrimeTests;
			productName = IsItPrimeTests;
			productReference = 1AB7A5E51B0116000063C292 /* IsItPrimeTests.xctest */;
			productType = "com.apple.product-type.bundle.unit-test";
		};
/* End PBXNativeTarget section */

/* Begin PBXProject section */
		1AB7A5C81B0115FF0063C292 /* Project object */ = {
			isa = PBXProject;
			attributes = {
				LastUpgradeCheck = 0630;
				ORGANIZATIONNAME = silc;
				TargetAttributes = {
					1AB7A5CF1B0115FF0063C292 = {
						CreatedOnToolsVersion = 6.3.1;
					};
					1AB7A5E41B0116000063C292 = {
						CreatedOnToolsVersion = 6.3.1;
						TestTargetID = 1AB7A5CF1B0115FF0063C292;
					};
				};
			};
			buildConfigurationList = 1AB7A5CB1B0115FF0063C292 /* Build configuration list for PBXProject "IsItPrime" */;
			compatibilityVersion = "Xcode 3.2";
			developmentRegion = English;
			hasScannedForEncodings = 0;
			knownRegions = (
				en,
				Base,
			);
			mainGroup = 1AB7A5C71B0115FF0063C292;
			productRefGroup = 1AB7A5D11B0115FF0063C292 /* Products */;
			projectDirPath = "";
			projectRoot = "";
			targets = (
				1AB7A5CF1B0115FF0063C292 /* IsItPrime */,
				1AB7A5E41B0116000063C292 /* IsItPrimeTests */,
			);
		};
/* End PBXProject section */

/* Begin PBXResourcesBuildPhase section */
		1AB7A5CE1B0115FF0063C292 /* Resources */ = {
			isa = PBXResourcesBuildPhase;
			buildActionMask = 2147483647;
			files = (
				1AB7A5DB1B0115FF0063C292 /* Main.storyboard in Resources */,
				1AB7A5E01B0115FF0063C292 /* LaunchScreen.xib in Resources */,
				1AB7A5DD1B0115FF0063C292 /* Images.xcassets in Resources */,
			);
			runOnlyForDeploymentPostprocessing = 0;
		};
		1AB7A5E31B0116000063C292 /* Resources */ = {
			isa = PBXResourcesBuildPhase;
			buildActionMask = 2147483647;
			files = (
			);
			runOnlyForDeploymentPostprocessing = 0;
		};
/* End PBXResourcesBuildPhase section */

/* Begin PBXSourcesBuildPhase section */
		1AB7A5CC1B0115FF0063C292 /* Sources */ = {
			isa = PBXSourcesBuildPhase;
			buildActionMask = 2147483647;
			files = (
				1AB7A5D81B0115FF0063C292 /* ViewController.swift in Sources */,
				1AB7A5D61B0115FF0063C292 /* AppDelegate.swift in Sources */,
			);
			runOnlyForDeploymentPostprocessing = 0;
		};
		1AB7A5E11B0116000063C292 /* Sources */ = {
			isa = PBXSourcesBuildPhase;
			buildActionMask = 2147483647;
			files = (
				1AB7A5EC1B0116000063C292 /* IsItPrimeTests.swift in Sources */,
			);
			runOnlyForDeploymentPostprocessing = 0;
		};
/* End PBXSourcesBuildPhase section */

/* Begin PBXTargetDependency section */
		1AB7A5E71B0116000063C292 /* PBXTargetDependency */ = {
			isa = PBXTargetDependency;
			target = 1AB7A5CF1B0115FF0063C292 /* IsItPrime */;
			targetProxy = 1AB7A5E61B0116000063C292 /* PBXContainerItemProxy */;
		};
/* End PBXTargetDependency section */

/* Begin PBXVariantGroup section */
		1AB7A5D91B0115FF0063C292 /* Main.storyboard */ = {
			isa = PBXVariantGroup;
			children = (
				1AB7A5DA1B0115FF0063C292 /* Base */,
			);
			name = Main.storyboard;
			sourceTree = "<group>";
		};
		1AB7A5DE1B0115FF0063C292 /* LaunchScreen.xib */ = {
			isa = PBXVariantGroup;
			children = (
				1AB7A5DF1B0115FF0063C292 /* Base */,
			);
			name = LaunchScreen.xib;
			sourceTree = "<group>";
		};
/* End PBXVariantGroup section */

/* Begin XCBuildConfiguration section */
		1AB7A5ED1B0116000063C292 /* Debug */ = {
			isa = XCBuildConfiguration;
			buildSettings = {
				ALWAYS_SEARCH_USER_PATHS = NO;
				CLANG_CXX_LANGUAGE_STANDARD = "gnu++0x";
				CLANG_CXX_LIBRARY = "libc++";
				CLANG_ENABLE_MODULES = YES;
				CLANG_ENABLE_OBJC_ARC = YES;
				CLANG_WARN_BOOL_CONVERSION = YES;
				CLANG_WARN_CONSTANT_CONVERSION = YES;
				CLANG_WARN_DIRECT_OBJC_ISA_USAGE = YES_ERROR;
				CLANG_WARN_EMPTY_BODY = YES;
				CLANG_WARN_ENUM_CONVERSION = YES;
				CLANG_WARN_INT_CONVERSION = YES;
				CLANG_WARN_OBJC_ROOT_CLASS = YES_ERROR;
				CLANG_WARN_UNREACHABLE_CODE = YES;
				CLANG_WARN__DUPLICATE_METHOD_MATCH = YES;
				"CODE_SIGN_IDENTITY[sdk=iphoneos*]" = "iPhone Developer";
				COPY_PHASE_STRIP = NO;
				DEBUG_INFORMATION_FORMAT = "dwarf-with-dsym";
				ENABLE_STRICT_OBJC_MSGSEND = YES;
				GCC_C_LANGUAGE_STANDARD = gnu99;
				GCC_DYNAMIC_NO_PIC = NO;
				GCC_NO_COMMON_BLOCKS = YES;
				GCC_OPTIMIZATION_LEVEL = 0;
				GCC_PREPROCESSOR_DEFINITIONS = (
					"DEBUG=1",
					"$(inherited)",
				);
				GCC_SYMBOLS_PRIVATE_EXTERN = NO;
				GCC_WARN_64_TO_32_BIT_CONVERSION = YES;
				GCC_WARN_ABOUT_RETURN_TYPE = YES_ERROR;
				GCC_WARN_UNDECLARED_SELECTOR = YES;
				GCC_WARN_UNINITIALIZED_AUTOS = YES_AGGRESSIVE;
				GCC_WARN_UNUSED_FUNCTION = YES;
				GCC_WARN_UNUSED_VARIABLE = YES;
				IPHONEOS_DEPLOYMENT_TARGET = 8.3;
				MTL_ENABLE_DEBUG_INFO = YES;
				ONLY_ACTIVE_ARCH = YES;
				SDKROOT = iphoneos;
				SWIFT_OPTIMIZATION_LEVEL = "-Onone";
			};
			name = Debug;
		};
		1AB7A5EE1B0116000063C292 /* Release */ = {
			isa = XCBuildConfiguration;
			buildSettings = {
				ALWAYS_SEARCH_USER_PATHS = NO;
				CLANG_CXX_LANGUAGE_STANDARD = "gnu++0x";
				CLANG_CXX_LIBRARY = "libc++";
				CLANG_ENABLE_MODULES = YES;
				CLANG_ENABLE_OBJC_ARC = YES;
				CLANG_WARN_BOOL_CONVERSION = YES;
				CLANG_WARN_CONSTANT_CONVERSION = YES;
				CLANG_WARN_DIRECT_OBJC_ISA_USAGE = YES_ERROR;
				CLANG_WARN_EMPTY_BODY = YES;
				CLANG_WARN_ENUM_CONVERSION = YES;
				CLANG_WARN_INT_CONVERSION = YES;
				CLANG_WARN_OBJC_ROOT_CLASS = YES_ERROR;
				CLANG_WARN_UNREACHABLE_CODE = YES;
				CLANG_WARN__DUPLICATE_METHOD_MATCH = YES;
				"CODE_SIGN_IDENTITY[sdk=iphoneos*]" = "iPhone Developer";
				COPY_PHASE_STRIP = NO;
				DEBUG_INFORMATION_FORMAT = "dwarf-with-dsym";
				ENABLE_NS_ASSERTIONS = NO;
				ENABLE_STRICT_OBJC_MSGSEND = YES;
				GCC_C_LANGUAGE_STANDARD = gnu99;
				GCC_NO_COMMON_BLOCKS = YES;
				GCC_WARN_64_TO_32_BIT_CONVERSION = YES;
				GCC_WARN_ABOUT_RETURN_TYPE = YES_ERROR;
				GCC_WARN_UNDECLARED_SELECTOR = YES;
				GCC_WARN_UNINITIALIZED_AUTOS = YES_AGGRESSIVE;
				GCC_WARN_UNUSED_FUNCTION = YES;
				GCC_WARN_UNUSED_VARIABLE = YES;
				IPHONEOS_DEPLOYMENT_TARGET = 8.3;
				MTL_ENABLE_DEBUG_INFO = NO;
				SDKROOT = iphoneos;
				VALIDATE_PRODUCT = YES;
			};
			name = Release;
		};
		1AB7A5F01B0116000063C292 /* Debug */ = {
			isa = XCBuildConfiguration;
			buildSettings = {
				ASSETCATALOG_COMPILER_APPICON_NAME = AppIcon;
				INFOPLIST_FILE = IsItPrime/Info.plist;
				LD_RUNPATH_SEARCH_PATHS = "$(inherited) @executable_path/Frameworks";
				PRODUCT_NAME = "$(TARGET_NAME)";
			};
			name = Debug;
		};
		1AB7A5F11B0116000063C292 /* Release */ = {
			isa = XCBuildConfiguration;
			buildSettings = {
				ASSETCATALOG_COMPILER_APPICON_NAME = AppIcon;
				INFOPLIST_FILE = IsItPrime/Info.plist;
				LD_RUNPATH_SEARCH_PATHS = "$(inherited) @executable_path/Frameworks";
				PRODUCT_NAME = "$(TARGET_NAME)";
			};
			name = Release;
		};
		1AB7A5F31B0116000063C292 /* Debug */ = {
			isa = XCBuildConfiguration;
			buildSettings = {
				BUNDLE_LOADER = "$(TEST_HOST)";
				FRAMEWORK_SEARCH_PATHS = (
					"$(SDKROOT)/Developer/Library/Frameworks",
					"$(inherited)",
				);
				GCC_PREPROCESSOR_DEFINITIONS = (
					"DEBUG=1",
					"$(inherited)",
				);
				INFOPLIST_FILE = IsItPrimeTests/Info.plist;
				LD_RUNPATH_SEARCH_PATHS = "$(inherited) @executable_path/Frameworks @loader_path/Frameworks";
				PRODUCT_NAME = "$(TARGET_NAME)";
				TEST_HOST = "$(BUILT_PRODUCTS_DIR)/IsItPrime.app/IsItPrime";
			};
			name = Debug;
		};
		1AB7A5F41B0116000063C292 /* Release */ = {
			isa = XCBuildConfiguration;
			buildSettings = {
				BUNDLE_LOADER = "$(TEST_HOST)";
				FRAMEWORK_SEARCH_PATHS = (
					"$(SDKROOT)/Developer/Library/Frameworks",
					"$(inherited)",
				);
				INFOPLIST_FILE = IsItPrimeTests/Info.plist;
				LD_RUNPATH_SEARCH_PATHS = "$(inherited) @executable_path/Frameworks @loader_path/Frameworks";
				PRODUCT_NAME = "$(TARGET_NAME)";
				TEST_HOST = "$(BUILT_PRODUCTS_DIR)/IsItPrime.app/IsItPrime";
			};
			name = Release;
		};
/* End XCBuildConfiguration section */

/* Begin XCConfigurationList section */
		1AB7A5CB1B0115FF0063C292 /* Build configuration list for PBXProject "IsItPrime" */ = {
			isa = XCConfigurationList;
			buildConfigurations = (
				1AB7A5ED1B0116000063C292 /* Debug */,
				1AB7A5EE1B0116000063C292 /* Release */,
			);
			defaultConfigurationIsVisible = 0;
			defaultConfigurationName = Release;
		};
		1AB7A5EF1B0116000063C292 /* Build configuration list for PBXNativeTarget "IsItPrime" */ = {
			isa = XCConfigurationList;
			buildConfigurations = (
				1AB7A5F01B0116000063C292 /* Debug */,
				1AB7A5F11B0116000063C292 /* Release */,
			);
			defaultConfigurationIsVisible = 0;
			defaultConfigurationName = Release;
		};
		1AB7A5F21B0116000063C292 /* Build configuration list for PBXNativeTarget "IsItPrimeTests" */ = {
			isa = XCConfigurationList;
			buildConfigurations = (
				1AB7A5F31B0116000063C292 /* Debug */,
				1AB7A5F41B0116000063C292 /* Release */,
			);
			defaultConfigurationIsVisible = 0;
			defaultConfigurationName = Release;
		};
/* End XCConfigurationList section */
	};
	rootObject = 1AB7A5C81B0115FF0063C292 /* Project object */;
}
